PODS:
  - BlueSocket (0.12.94)
  - SwordRPC (0.2.2):
    - BlueSocket (~> 0.12)

DEPENDENCIES:
  - SwordRPC

SPEC REPOS:
  trunk:
    - BlueSocket
    - SwordRPC

SPEC CHECKSUMS:
  BlueSocket: 184ff448002475bfb5d676286c2458da5d971f47
  SwordRPC: 7ed51064ea9e61c3c6833cf9de90a8be0ab36653

PODFILE CHECKSUM: 906fba06d1cf776b2c0bc501fb8f6cd44435b5f5

COCOAPODS: 1.9.3
