// !$*UTF8*$!
{
	archiveVersion = 1;
	classes = {
	};
	objectVersion = 51;
	objects = {

/* Begin PBXBuildFile section */
		492D21D022F8AC6F0076738C /* ScriptingUtilities.swift in Sources */ = {isa = PBXBuildFile; fileRef = 492D21CD22F8AC420076738C /* ScriptingUtilities.swift */; };
		492D21D222F8BFA10076738C /* XcodeRPC.swift in Sources */ = {isa = PBXBuildFile; fileRef = 492D21D122F8BFA10076738C /* XcodeRPC.swift */; };
		492D21D422F8BFC10076738C /* XcodeState.swift in Sources */ = {isa = PBXBuildFile; fileRef = 492D21D322F8BFC10076738C /* XcodeState.swift */; };
		493F18E022F96E5A00F18A99 /* String+djb2hash.swift in Sources */ = {isa = PBXBuildFile; fileRef = 493F18DF22F96E5A00F18A99 /* String+djb2hash.swift */; };
		493F18E122F96EBF00F18A99 /* String+djb2hash.swift in Sources */ = {isa = PBXBuildFile; fileRef = 493F18DF22F96E5A00F18A99 /* String+djb2hash.swift */; };
		494EFBB322F785D50002B303 /* XcodeScripting.swift in Sources */ = {isa = PBXBuildFile; fileRef = 49A1727C22F7823F00CFC916 /* XcodeScripting.swift */; };
		494EFBB522F785D90002B303 /* Xcode.swift in Sources */ = {isa = PBXBuildFile; fileRef = 49A1727D22F7823F00CFC916 /* Xcode.swift */; };
		49EAEBBA22F78570000CA815 /* AppDelegate.swift in Sources */ = {isa = PBXBuildFile; fileRef = 49EAEBB922F78570000CA815 /* AppDelegate.swift */; };
		49EAEBBC22F78572000CA815 /* Assets.xcassets in Resources */ = {isa = PBXBuildFile; fileRef = 49EAEBBB22F78572000CA815 /* Assets.xcassets */; };
		49EAEBBF22F78572000CA815 /* MainMenu.xib in Resources */ = {isa = PBXBuildFile; fileRef = 49EAEBBD22F78572000CA815 /* MainMenu.xib */; };
		49EC45CC22F86615007347AD /* main.swift in Sources */ = {isa = PBXBuildFile; fileRef = 49EC45CB22F86615007347AD /* main.swift */; };
		D1E532493F5BF07738FA0E4A /* Pods_XcodeRPC.framework in Frameworks */ = {isa = PBXBuildFile; fileRef = FA3529773839C863B38BBC68 /* Pods_XcodeRPC.framework */; };
/* End PBXBuildFile section */

/* Begin PBXCopyFilesBuildPhase section */
		49EC45C222F8485E007347AD /* Embed App Extensions */ = {
			isa = PBXCopyFilesBuildPhase;
			buildActionMask = 2147483647;
			dstPath = "";
			dstSubfolderSpec = 13;
			files = (
			);
			name = "Embed App Extensions";
			runOnlyForDeploymentPostprocessing = 0;
		};
		49EC45C722F86615007347AD /* CopyFiles */ = {
			isa = PBXCopyFilesBuildPhase;
			buildActionMask = 2147483647;
			dstPath = /usr/share/man/man1/;
			dstSubfolderSpec = 0;
			files = (
			);
			runOnlyForDeploymentPostprocessing = 1;
		};
/* End PBXCopyFilesBuildPhase section */

/* Begin PBXFileReference section */
		25568CA33DE90D565A5339CE /* Pods-XcodeDiscord.debug.xcconfig */ = {isa = PBXFileReference; includeInIndex = 1; lastKnownFileType = text.xcconfig; name = "Pods-XcodeDiscord.debug.xcconfig"; path = "Target Support Files/Pods-XcodeDiscord/Pods-XcodeDiscord.debug.xcconfig"; sourceTree = "<group>"; };
		492D21CD22F8AC420076738C /* ScriptingUtilities.swift */ = {isa = PBXFileReference; lastKnownFileType = sourcecode.swift; path = ScriptingUtilities.swift; sourceTree = "<group>"; };
		492D21D122F8BFA10076738C /* XcodeRPC.swift */ = {isa = PBXFileReference; lastKnownFileType = sourcecode.swift; path = XcodeRPC.swift; sourceTree = "<group>"; };
		492D21D322F8BFC10076738C /* XcodeState.swift */ = {isa = PBXFileReference; lastKnownFileType = sourcecode.swift; path = XcodeState.swift; sourceTree = "<group>"; };
		493F18DF22F96E5A00F18A99 /* String+djb2hash.swift */ = {isa = PBXFileReference; lastKnownFileType = sourcecode.swift; path = "String+djb2hash.swift"; sourceTree = "<group>"; };
		49A1727922F7823F00CFC916 /* XcodeScripting.h */ = {isa = PBXFileReference; fileEncoding = 4; lastKnownFileType = sourcecode.c.h; name = XcodeScripting.h; path = "../../../../Downloads/SwiftScripting-master/Frameworks/XcodeScripting/XcodeScripting/XcodeScripting.h"; sourceTree = "<group>"; };
		49A1727A22F7823F00CFC916 /* Xcode.sdef */ = {isa = PBXFileReference; fileEncoding = 4; lastKnownFileType = text.xml; path = Xcode.sdef; sourceTree = "<group>"; };
		49A1727B22F7823F00CFC916 /* Xcode.h */ = {isa = PBXFileReference; fileEncoding = 4; lastKnownFileType = sourcecode.c.h; path = Xcode.h; sourceTree = "<group>"; };
		49A1727C22F7823F00CFC916 /* XcodeScripting.swift */ = {isa = PBXFileReference; fileEncoding = 4; lastKnownFileType = sourcecode.swift; path = XcodeScripting.swift; sourceTree = "<group>"; };
		49A1727D22F7823F00CFC916 /* Xcode.swift */ = {isa = PBXFileReference; fileEncoding = 4; lastKnownFileType = sourcecode.swift; path = Xcode.swift; sourceTree = "<group>"; };
		49CC82DD22F77E8300070807 /* Cocoa.framework */ = {isa = PBXFileReference; lastKnownFileType = wrapper.framework; name = Cocoa.framework; path = System/Library/Frameworks/Cocoa.framework; sourceTree = SDKROOT; };
		49EAEBB722F78570000CA815 /* XcodeRPC.app */ = {isa = PBXFileReference; explicitFileType = wrapper.application; includeInIndex = 0; path = XcodeRPC.app; sourceTree = BUILT_PRODUCTS_DIR; };
		49EAEBB922F78570000CA815 /* AppDelegate.swift */ = {isa = PBXFileReference; lastKnownFileType = sourcecode.swift; path = AppDelegate.swift; sourceTree = "<group>"; };
		49EAEBBB22F78572000CA815 /* Assets.xcassets */ = {isa = PBXFileReference; lastKnownFileType = folder.assetcatalog; path = Assets.xcassets; sourceTree = "<group>"; };
		49EAEBBE22F78572000CA815 /* Base */ = {isa = PBXFileReference; lastKnownFileType = file.xib; name = Base; path = Base.lproj/MainMenu.xib; sourceTree = "<group>"; };
		49EAEBC022F78572000CA815 /* Info.plist */ = {isa = PBXFileReference; lastKnownFileType = text.plist.xml; path = Info.plist; sourceTree = "<group>"; };
		49EAEBC122F78572000CA815 /* XcodeRPC.entitlements */ = {isa = PBXFileReference; lastKnownFileType = text.plist.entitlements; path = XcodeRPC.entitlements; sourceTree = "<group>"; };
		49EC45C922F86615007347AD /* AssetRenderer */ = {isa = PBXFileReference; explicitFileType = "compiled.mach-o.executable"; includeInIndex = 0; path = AssetRenderer; sourceTree = BUILT_PRODUCTS_DIR; };
		49EC45CB22F86615007347AD /* main.swift */ = {isa = PBXFileReference; lastKnownFileType = sourcecode.swift; path = main.swift; sourceTree = "<group>"; };
		6561A32B3884DA9AB59B8D3E /* Pods-XcodeRPC.debug.xcconfig */ = {isa = PBXFileReference; includeInIndex = 1; lastKnownFileType = text.xcconfig; name = "Pods-XcodeRPC.debug.xcconfig"; path = "Target Support Files/Pods-XcodeRPC/Pods-XcodeRPC.debug.xcconfig"; sourceTree = "<group>"; };
		6BC2739FAA42A559644DA6D5 /* Pods-XcodeRPC.release.xcconfig */ = {isa = PBXFileReference; includeInIndex = 1; lastKnownFileType = text.xcconfig; name = "Pods-XcodeRPC.release.xcconfig"; path = "Target Support Files/Pods-XcodeRPC/Pods-XcodeRPC.release.xcconfig"; sourceTree = "<group>"; };
		6DA53195B8A2C99FE7CD4AB5 /* Pods-XcodeDiscord.release.xcconfig */ = {isa = PBXFileReference; includeInIndex = 1; lastKnownFileType = text.xcconfig; name = "Pods-XcodeDiscord.release.xcconfig"; path = "Target Support Files/Pods-XcodeDiscord/Pods-XcodeDiscord.release.xcconfig"; sourceTree = "<group>"; };
		D9CBA644084AD0DF6BC1F5FA /* Pods_XcodeDiscord.framework */ = {isa = PBXFileReference; explicitFileType = wrapper.framework; includeInIndex = 0; path = Pods_XcodeDiscord.framework; sourceTree = BUILT_PRODUCTS_DIR; };
		FA3529773839C863B38BBC68 /* Pods_XcodeRPC.framework */ = {isa = PBXFileReference; explicitFileType = wrapper.framework; includeInIndex = 0; path = Pods_XcodeRPC.framework; sourceTree = BUILT_PRODUCTS_DIR; };
/* End PBXFileReference section */

/* Begin PBXFrameworksBuildPhase section */
		49EAEBB422F78570000CA815 /* Frameworks */ = {
			isa = PBXFrameworksBuildPhase;
			buildActionMask = 2147483647;
			files = (
				D1E532493F5BF07738FA0E4A /* Pods_XcodeRPC.framework in Frameworks */,
			);
			runOnlyForDeploymentPostprocessing = 0;
		};
		49EC45C622F86615007347AD /* Frameworks */ = {
			isa = PBXFrameworksBuildPhase;
			buildActionMask = 2147483647;
			files = (
			);
			runOnlyForDeploymentPostprocessing = 0;
		};
/* End PBXFrameworksBuildPhase section */

/* Begin PBXGroup section */
		493F18DE22F96E3800F18A99 /* Extensions */ = {
			isa = PBXGroup;
			children = (
				493F18DF22F96E5A00F18A99 /* String+djb2hash.swift */,
			);
			path = Extensions;
			sourceTree = "<group>";
		};
		49A1727122F7821B00CFC916 /* XcodeScripting */ = {
			isa = PBXGroup;
			children = (
				49A1727B22F7823F00CFC916 /* Xcode.h */,
				49A1727A22F7823F00CFC916 /* Xcode.sdef */,
				49A1727D22F7823F00CFC916 /* Xcode.swift */,
				49A1727922F7823F00CFC916 /* XcodeScripting.h */,
				49A1727C22F7823F00CFC916 /* XcodeScripting.swift */,
				492D21CD22F8AC420076738C /* ScriptingUtilities.swift */,
			);
			path = XcodeScripting;
			sourceTree = "<group>";
		};
		49CC82BD22F77E4800070807 = {
			isa = PBXGroup;
			children = (
				493F18DE22F96E3800F18A99 /* Extensions */,
				49A1727122F7821B00CFC916 /* XcodeScripting */,
				49EAEBB822F78570000CA815 /* XcodeRPC */,
				49EC45CA22F86615007347AD /* AssetRenderer */,
				49CC82DC22F77E8300070807 /* Frameworks */,
				49CC82C722F77E4900070807 /* Products */,
				4ACF65C00A2E90BCFEC5A203 /* Pods */,
			);
			sourceTree = "<group>";
		};
		49CC82C722F77E4900070807 /* Products */ = {
			isa = PBXGroup;
			children = (
				49EAEBB722F78570000CA815 /* XcodeRPC.app */,
				49EC45C922F86615007347AD /* AssetRenderer */,
			);
			name = Products;
			sourceTree = "<group>";
		};
		49CC82DC22F77E8300070807 /* Frameworks */ = {
			isa = PBXGroup;
			children = (
				49CC82DD22F77E8300070807 /* Cocoa.framework */,
				D9CBA644084AD0DF6BC1F5FA /* Pods_XcodeDiscord.framework */,
				FA3529773839C863B38BBC68 /* Pods_XcodeRPC.framework */,
			);
			name = Frameworks;
			sourceTree = "<group>";
		};
		49EAEBB822F78570000CA815 /* XcodeRPC */ = {
			isa = PBXGroup;
			children = (
				49EAEBB922F78570000CA815 /* AppDelegate.swift */,
				49EAEBBB22F78572000CA815 /* Assets.xcassets */,
				49EAEBBD22F78572000CA815 /* MainMenu.xib */,
				49EAEBC022F78572000CA815 /* Info.plist */,
				49EAEBC122F78572000CA815 /* XcodeRPC.entitlements */,
				492D21D122F8BFA10076738C /* XcodeRPC.swift */,
				492D21D322F8BFC10076738C /* XcodeState.swift */,
			);
			path = XcodeRPC;
			sourceTree = "<group>";
		};
		49EC45CA22F86615007347AD /* AssetRenderer */ = {
			isa = PBXGroup;
			children = (
				49EC45CB22F86615007347AD /* main.swift */,
			);
			path = AssetRenderer;
			sourceTree = "<group>";
		};
		4ACF65C00A2E90BCFEC5A203 /* Pods */ = {
			isa = PBXGroup;
			children = (
				25568CA33DE90D565A5339CE /* Pods-XcodeDiscord.debug.xcconfig */,
				6DA53195B8A2C99FE7CD4AB5 /* Pods-XcodeDiscord.release.xcconfig */,
				6561A32B3884DA9AB59B8D3E /* Pods-XcodeRPC.debug.xcconfig */,
				6BC2739FAA42A559644DA6D5 /* Pods-XcodeRPC.release.xcconfig */,
			);
			path = Pods;
			sourceTree = "<group>";
		};
/* End PBXGroup section */

/* Begin PBXNativeTarget section */
		49EAEBB622F78570000CA815 /* XcodeRPC */ = {
			isa = PBXNativeTarget;
			buildConfigurationList = 49EAEBC222F78572000CA815 /* Build configuration list for PBXNativeTarget "XcodeRPC" */;
			buildPhases = (
				E4DF6EB3708B4FB5F6B2218F /* [CP] Check Pods Manifest.lock */,
				49EAEBB322F78570000CA815 /* Sources */,
				49EAEBB422F78570000CA815 /* Frameworks */,
				49EAEBB522F78570000CA815 /* Resources */,
				D4E8DAC6719F43F0F18D902F /* [CP] Embed Pods Frameworks */,
				49EC45C222F8485E007347AD /* Embed App Extensions */,
			);
			buildRules = (
			);
			dependencies = (
			);
			name = XcodeRPC;
			productName = XcodeRPC;
			productReference = 49EAEBB722F78570000CA815 /* XcodeRPC.app */;
			productType = "com.apple.product-type.application";
		};
		49EC45C822F86615007347AD /* AssetRenderer */ = {
			isa = PBXNativeTarget;
			buildConfigurationList = 49EC45CD22F86615007347AD /* Build configuration list for PBXNativeTarget "AssetRenderer" */;
			buildPhases = (
				49EC45C522F86615007347AD /* Sources */,
				49EC45C622F86615007347AD /* Frameworks */,
				49EC45C722F86615007347AD /* CopyFiles */,
			);
			buildRules = (
			);
			dependencies = (
			);
			name = AssetRenderer;
			productName = AssetRenderer;
			productReference = 49EC45C922F86615007347AD /* AssetRenderer */;
			productType = "com.apple.product-type.tool";
		};
/* End PBXNativeTarget section */

/* Begin PBXProject section */
		49CC82BE22F77E4800070807 /* Project object */ = {
			isa = PBXProject;
			attributes = {
				LastSwiftUpdateCheck = 1010;
				LastUpgradeCheck = 1010;
				ORGANIZATIONNAME = JARI.IO;
				TargetAttributes = {
					49EAEBB622F78570000CA815 = {
						CreatedOnToolsVersion = 10.1;
						SystemCapabilities = {
							com.apple.HardenedRuntime = {
								enabled = 0;
							};
							com.apple.Sandbox = {
								enabled = 0;
							};
						};
					};
					49EC45C822F86615007347AD = {
						CreatedOnToolsVersion = 10.1;
					};
				};
			};
			buildConfigurationList = 49CC82C122F77E4800070807 /* Build configuration list for PBXProject "XcodeRPC" */;
			compatibilityVersion = "Xcode 9.3";
			developmentRegion = en;
			hasScannedForEncodings = 0;
			knownRegions = (
				en,
				Base,
			);
			mainGroup = 49CC82BD22F77E4800070807;
			productRefGroup = 49CC82C722F77E4900070807 /* Products */;
			projectDirPath = "";
			projectRoot = "";
			targets = (
				49EAEBB622F78570000CA815 /* XcodeRPC */,
				49EC45C822F86615007347AD /* AssetRenderer */,
			);
		};
/* End PBXProject section */

/* Begin PBXResourcesBuildPhase section */
		49EAEBB522F78570000CA815 /* Resources */ = {
			isa = PBXResourcesBuildPhase;
			buildActionMask = 2147483647;
			files = (
				49EAEBBC22F78572000CA815 /* Assets.xcassets in Resources */,
				49EAEBBF22F78572000CA815 /* MainMenu.xib in Resources */,
			);
			runOnlyForDeploymentPostprocessing = 0;
		};
/* End PBXResourcesBuildPhase section */

/* Begin PBXShellScriptBuildPhase section */
		D4E8DAC6719F43F0F18D902F /* [CP] Embed Pods Frameworks */ = {
			isa = PBXShellScriptBuildPhase;
			buildActionMask = 2147483647;
			files = (
			);
			inputFileListPaths = (
				"${PODS_ROOT}/Target Support Files/Pods-XcodeRPC/Pods-XcodeRPC-frameworks-${CONFIGURATION}-input-files.xcfilelist",
			);
			name = "[CP] Embed Pods Frameworks";
			outputFileListPaths = (
				"${PODS_ROOT}/Target Support Files/Pods-XcodeRPC/Pods-XcodeRPC-frameworks-${CONFIGURATION}-output-files.xcfilelist",
			);
			runOnlyForDeploymentPostprocessing = 0;
			shellPath = /bin/sh;
			shellScript = "\"${PODS_ROOT}/Target Support Files/Pods-XcodeRPC/Pods-XcodeRPC-frameworks.sh\"\n";
			showEnvVarsInLog = 0;
		};
		E4DF6EB3708B4FB5F6B2218F /* [CP] Check Pods Manifest.lock */ = {
			isa = PBXShellScriptBuildPhase;
			buildActionMask = 2147483647;
			files = (
			);
			inputFileListPaths = (
			);
			inputPaths = (
				"${PODS_PODFILE_DIR_PATH}/Podfile.lock",
				"${PODS_ROOT}/Manifest.lock",
			);
			name = "[CP] Check Pods Manifest.lock";
			outputFileListPaths = (
			);
			outputPaths = (
				"$(DERIVED_FILE_DIR)/Pods-XcodeRPC-checkManifestLockResult.txt",
			);
			runOnlyForDeploymentPostprocessing = 0;
			shellPath = /bin/sh;
			shellScript = "diff \"${PODS_PODFILE_DIR_PATH}/Podfile.lock\" \"${PODS_ROOT}/Manifest.lock\" > /dev/null\nif [ $? != 0 ] ; then\n    # print error to STDERR\n    echo \"error: The sandbox is not in sync with the Podfile.lock. Run 'pod install' or update your CocoaPods installation.\" >&2\n    exit 1\nfi\n# This output is used by Xcode 'outputs' to avoid re-running this script phase.\necho \"SUCCESS\" > \"${SCRIPT_OUTPUT_FILE_0}\"\n";
			showEnvVarsInLog = 0;
		};
/* End PBXShellScriptBuildPhase section */

/* Begin PBXSourcesBuildPhase section */
		49EAEBB322F78570000CA815 /* Sources */ = {
			isa = PBXSourcesBuildPhase;
			buildActionMask = 2147483647;
			files = (
				49EAEBBA22F78570000CA815 /* AppDelegate.swift in Sources */,
				494EFBB322F785D50002B303 /* XcodeScripting.swift in Sources */,
				493F18E022F96E5A00F18A99 /* String+djb2hash.swift in Sources */,
				492D21D222F8BFA10076738C /* XcodeRPC.swift in Sources */,
				492D21D022F8AC6F0076738C /* ScriptingUtilities.swift in Sources */,
				494EFBB522F785D90002B303 /* Xcode.swift in Sources */,
				492D21D422F8BFC10076738C /* XcodeState.swift in Sources */,
			);
			runOnlyForDeploymentPostprocessing = 0;
		};
		49EC45C522F86615007347AD /* Sources */ = {
			isa = PBXSourcesBuildPhase;
			buildActionMask = 2147483647;
			files = (
				493F18E122F96EBF00F18A99 /* String+djb2hash.swift in Sources */,
				49EC45CC22F86615007347AD /* main.swift in Sources */,
			);
			runOnlyForDeploymentPostprocessing = 0;
		};
/* End PBXSourcesBuildPhase section */

/* Begin PBXVariantGroup section */
		49EAEBBD22F78572000CA815 /* MainMenu.xib */ = {
			isa = PBXVariantGroup;
			children = (
				49EAEBBE22F78572000CA815 /* Base */,
			);
			name = MainMenu.xib;
			sourceTree = "<group>";
		};
/* End PBXVariantGroup section */

/* Begin XCBuildConfiguration section */
		49CC82D222F77E4900070807 /* Debug */ = {
			isa = XCBuildConfiguration;
			buildSettings = {
				ALWAYS_SEARCH_USER_PATHS = NO;
				CLANG_ANALYZER_NONNULL = YES;
				CLANG_ANALYZER_NUMBER_OBJECT_CONVERSION = YES_AGGRESSIVE;
				CLANG_CXX_LANGUAGE_STANDARD = "gnu++14";
				CLANG_CXX_LIBRARY = "libc++";
				CLANG_ENABLE_MODULES = YES;
				CLANG_ENABLE_OBJC_ARC = YES;
				CLANG_ENABLE_OBJC_WEAK = YES;
				CLANG_WARN_BLOCK_CAPTURE_AUTORELEASING = YES;
				CLANG_WARN_BOOL_CONVERSION = YES;
				CLANG_WARN_COMMA = YES;
				CLANG_WARN_CONSTANT_CONVERSION = YES;
				CLANG_WARN_DEPRECATED_OBJC_IMPLEMENTATIONS = YES;
				CLANG_WARN_DIRECT_OBJC_ISA_USAGE = YES_ERROR;
				CLANG_WARN_DOCUMENTATION_COMMENTS = YES;
				CLANG_WARN_EMPTY_BODY = YES;
				CLANG_WARN_ENUM_CONVERSION = YES;
				CLANG_WARN_INFINITE_RECURSION = YES;
				CLANG_WARN_INT_CONVERSION = YES;
				CLANG_WARN_NON_LITERAL_NULL_CONVERSION = YES;
				CLANG_WARN_OBJC_IMPLICIT_RETAIN_SELF = YES;
				CLANG_WARN_OBJC_LITERAL_CONVERSION = YES;
				CLANG_WARN_OBJC_ROOT_CLASS = YES_ERROR;
				CLANG_WARN_RANGE_LOOP_ANALYSIS = YES;
				CLANG_WARN_STRICT_PROTOTYPES = YES;
				CLANG_WARN_SUSPICIOUS_MOVE = YES;
				CLANG_WARN_UNGUARDED_AVAILABILITY = YES_AGGRESSIVE;
				CLANG_WARN_UNREACHABLE_CODE = YES;
				CLANG_WARN__DUPLICATE_METHOD_MATCH = YES;
				CODE_SIGN_IDENTITY = "Mac Developer";
				COPY_PHASE_STRIP = NO;
				DEBUG_INFORMATION_FORMAT = dwarf;
				ENABLE_STRICT_OBJC_MSGSEND = YES;
				ENABLE_TESTABILITY = YES;
				GCC_C_LANGUAGE_STANDARD = gnu11;
				GCC_DYNAMIC_NO_PIC = NO;
				GCC_NO_COMMON_BLOCKS = YES;
				GCC_OPTIMIZATION_LEVEL = 0;
				GCC_PREPROCESSOR_DEFINITIONS = (
					"DEBUG=1",
					"$(inherited)",
				);
				GCC_WARN_64_TO_32_BIT_CONVERSION = YES;
				GCC_WARN_ABOUT_RETURN_TYPE = YES_ERROR;
				GCC_WARN_UNDECLARED_SELECTOR = YES;
				GCC_WARN_UNINITIALIZED_AUTOS = YES_AGGRESSIVE;
				GCC_WARN_UNUSED_FUNCTION = YES;
				GCC_WARN_UNUSED_VARIABLE = YES;
				MACOSX_DEPLOYMENT_TARGET = 10.14;
				MTL_ENABLE_DEBUG_INFO = INCLUDE_SOURCE;
				MTL_FAST_MATH = YES;
				ONLY_ACTIVE_ARCH = YES;
				SDKROOT = macosx;
				SWIFT_ACTIVE_COMPILATION_CONDITIONS = DEBUG;
				SWIFT_OPTIMIZATION_LEVEL = "-Onone";
			};
			name = Debug;
		};
		49CC82D322F77E4900070807 /* Release */ = {
			isa = XCBuildConfiguration;
			buildSettings = {
				ALWAYS_SEARCH_USER_PATHS = NO;
				CLANG_ANALYZER_NONNULL = YES;
				CLANG_ANALYZER_NUMBER_OBJECT_CONVERSION = YES_AGGRESSIVE;
				CLANG_CXX_LANGUAGE_STANDARD = "gnu++14";
				CLANG_CXX_LIBRARY = "libc++";
				CLANG_ENABLE_MODULES = YES;
				CLANG_ENABLE_OBJC_ARC = YES;
				CLANG_ENABLE_OBJC_WEAK = YES;
				CLANG_WARN_BLOCK_CAPTURE_AUTORELEASING = YES;
				CLANG_WARN_BOOL_CONVERSION = YES;
				CLANG_WARN_COMMA = YES;
				CLANG_WARN_CONSTANT_CONVERSION = YES;
				CLANG_WARN_DEPRECATED_OBJC_IMPLEMENTATIONS = YES;
				CLANG_WARN_DIRECT_OBJC_ISA_USAGE = YES_ERROR;
				CLANG_WARN_DOCUMENTATION_COMMENTS = YES;
				CLANG_WARN_EMPTY_BODY = YES;
				CLANG_WARN_ENUM_CONVERSION = YES;
				CLANG_WARN_INFINITE_RECURSION = YES;
				CLANG_WARN_INT_CONVERSION = YES;
				CLANG_WARN_NON_LITERAL_NULL_CONVERSION = YES;
				CLANG_WARN_OBJC_IMPLICIT_RETAIN_SELF = YES;
				CLANG_WARN_OBJC_LITERAL_CONVERSION = YES;
				CLANG_WARN_OBJC_ROOT_CLASS = YES_ERROR;
				CLANG_WARN_RANGE_LOOP_ANALYSIS = YES;
				CLANG_WARN_STRICT_PROTOTYPES = YES;
				CLANG_WARN_SUSPICIOUS_MOVE = YES;
				CLANG_WARN_UNGUARDED_AVAILABILITY = YES_AGGRESSIVE;
				CLANG_WARN_UNREACHABLE_CODE = YES;
				CLANG_WARN__DUPLICATE_METHOD_MATCH = YES;
				CODE_SIGN_IDENTITY = "Mac Developer";
				COPY_PHASE_STRIP = NO;
				DEBUG_INFORMATION_FORMAT = "dwarf-with-dsym";
				ENABLE_NS_ASSERTIONS = NO;
				ENABLE_STRICT_OBJC_MSGSEND = YES;
				GCC_C_LANGUAGE_STANDARD = gnu11;
				GCC_NO_COMMON_BLOCKS = YES;
				GCC_WARN_64_TO_32_BIT_CONVERSION = YES;
				GCC_WARN_ABOUT_RETURN_TYPE = YES_ERROR;
				GCC_WARN_UNDECLARED_SELECTOR = YES;
				GCC_WARN_UNINITIALIZED_AUTOS = YES_AGGRESSIVE;
				GCC_WARN_UNUSED_FUNCTION = YES;
				GCC_WARN_UNUSED_VARIABLE = YES;
				MACOSX_DEPLOYMENT_TARGET = 10.14;
				MTL_ENABLE_DEBUG_INFO = NO;
				MTL_FAST_MATH = YES;
				SDKROOT = macosx;
				SWIFT_COMPILATION_MODE = wholemodule;
				SWIFT_OPTIMIZATION_LEVEL = "-O";
			};
			name = Release;
		};
		49EAEBC322F78572000CA815 /* Debug */ = {
			isa = XCBuildConfiguration;
			baseConfigurationReference = 6561A32B3884DA9AB59B8D3E /* Pods-XcodeRPC.debug.xcconfig */;
			buildSettings = {
				ALWAYS_EMBED_SWIFT_STANDARD_LIBRARIES = YES;
				ASSETCATALOG_COMPILER_APPICON_NAME = AppIcon;
				CODE_SIGN_STYLE = Automatic;
				COMBINE_HIDPI_IMAGES = YES;
				DEVELOPMENT_TEAM = E72CQ4L7EE;
				INFOPLIST_FILE = XcodeRPC/Info.plist;
				LD_RUNPATH_SEARCH_PATHS = (
					"$(inherited)",
					"@executable_path/../Frameworks",
				);
				PRODUCT_BUNDLE_IDENTIFIER = io.jari.XcodeRPC3;
				PRODUCT_NAME = "$(TARGET_NAME)";
				SWIFT_VERSION = 4.2;
			};
			name = Debug;
		};
		49EAEBC422F78572000CA815 /* Release */ = {
			isa = XCBuildConfiguration;
			baseConfigurationReference = 6BC2739FAA42A559644DA6D5 /* Pods-XcodeRPC.release.xcconfig */;
			buildSettings = {
				ALWAYS_EMBED_SWIFT_STANDARD_LIBRARIES = YES;
				ASSETCATALOG_COMPILER_APPICON_NAME = AppIcon;
				CODE_SIGN_STYLE = Automatic;
				COMBINE_HIDPI_IMAGES = YES;
				DEVELOPMENT_TEAM = E72CQ4L7EE;
				INFOPLIST_FILE = XcodeRPC/Info.plist;
				LD_RUNPATH_SEARCH_PATHS = (
					"$(inherited)",
					"@executable_path/../Frameworks",
				);
				PRODUCT_BUNDLE_IDENTIFIER = io.jari.XcodeRPC3;
				PRODUCT_NAME = "$(TARGET_NAME)";
				SWIFT_VERSION = 4.2;
			};
			name = Release;
		};
		49EC45CE22F86615007347AD /* Debug */ = {
			isa = XCBuildConfiguration;
			buildSettings = {
				CODE_SIGN_STYLE = Automatic;
				DEVELOPMENT_TEAM = E72CQ4L7EE;
				PRODUCT_NAME = "$(TARGET_NAME)";
				SWIFT_VERSION = 4.2;
			};
			name = Debug;
		};
		49EC45CF22F86615007347AD /* Release */ = {
			isa = XCBuildConfiguration;
			buildSettings = {
				CODE_SIGN_STYLE = Automatic;
				DEVELOPMENT_TEAM = E72CQ4L7EE;
				PRODUCT_NAME = "$(TARGET_NAME)";
				SWIFT_VERSION = 4.2;
			};
			name = Release;
		};
/* End XCBuildConfiguration section */

/* Begin XCConfigurationList section */
		49CC82C122F77E4800070807 /* Build configuration list for PBXProject "XcodeRPC" */ = {
			isa = XCConfigurationList;
			buildConfigurations = (
				49CC82D222F77E4900070807 /* Debug */,
				49CC82D322F77E4900070807 /* Release */,
			);
			defaultConfigurationIsVisible = 0;
			defaultConfigurationName = Release;
		};
		49EAEBC222F78572000CA815 /* Build configuration list for PBXNativeTarget "XcodeRPC" */ = {
			isa = XCConfigurationList;
			buildConfigurations = (
				49EAEBC322F78572000CA815 /* Debug */,
				49EAEBC422F78572000CA815 /* Release */,
			);
			defaultConfigurationIsVisible = 0;
			defaultConfigurationName = Release;
		};
		49EC45CD22F86615007347AD /* Build configuration list for PBXNativeTarget "AssetRenderer" */ = {
			isa = XCConfigurationList;
			buildConfigurations = (
				49EC45CE22F86615007347AD /* Debug */,
				49EC45CF22F86615007347AD /* Release */,
			);
			defaultConfigurationIsVisible = 0;
			defaultConfigurationName = Release;
		};
/* End XCConfigurationList section */
	};
	rootObject = 49CC82BE22F77E4800070807 /* Project object */;
}
